// !$*UTF8*$!
{
	archiveVersion = 1;
	classes = {
	};
	objectVersion = 50;
	objects = {

/* Begin PBXBuildFile section */
		9886E06B291FBA9F005A4566 /* AppDelegate.swift in Sources */ = {isa = PBXBuildFile; fileRef = 9886E06A291FBA9F005A4566 /* AppDelegate.swift */; };
		9886E06D291FBA9F005A4566 /* SceneDelegate.swift in Sources */ = {isa = PBXBuildFile; fileRef = 9886E06C291FBA9F005A4566 /* SceneDelegate.swift */; };
		9886E06F291FBA9F005A4566 /* RegisterVC.swift in Sources */ = {isa = PBXBuildFile; fileRef = 9886E06E291FBA9F005A4566 /* RegisterVC.swift */; };
		9886E074291FBAA7005A4566 /* Assets.xcassets in Resources */ = {isa = PBXBuildFile; fileRef = 9886E073291FBAA7005A4566 /* Assets.xcassets */; };
		9886E077291FBAA7005A4566 /* LaunchScreen.storyboard in Resources */ = {isa = PBXBuildFile; fileRef = 9886E075291FBAA7005A4566 /* LaunchScreen.storyboard */; };
		9886E07F291FBAF5005A4566 /* HomeVC.swift in Sources */ = {isa = PBXBuildFile; fileRef = 9886E07E291FBAF5005A4566 /* HomeVC.swift */; };
		9886E087291FBF64005A4566 /* Euclid Circular B SemiBold.ttf in Resources */ = {isa = PBXBuildFile; fileRef = 9886E082291FBF64005A4566 /* Euclid Circular B SemiBold.ttf */; };
		9886E088291FBF64005A4566 /* Euclid Circular B Light.ttf in Resources */ = {isa = PBXBuildFile; fileRef = 9886E083291FBF64005A4566 /* Euclid Circular B Light.ttf */; };
		9886E089291FBF64005A4566 /* Euclid Circular B Bold.ttf in Resources */ = {isa = PBXBuildFile; fileRef = 9886E084291FBF64005A4566 /* Euclid Circular B Bold.ttf */; };
		9886E08A291FBF64005A4566 /* Euclid Circular B Regular.ttf in Resources */ = {isa = PBXBuildFile; fileRef = 9886E085291FBF64005A4566 /* Euclid Circular B Regular.ttf */; };
		9886E08B291FBF64005A4566 /* Euclid Circular B Medium.ttf in Resources */ = {isa = PBXBuildFile; fileRef = 9886E086291FBF64005A4566 /* Euclid Circular B Medium.ttf */; };
		9886E08D291FBFA8005A4566 /* Font.swift in Sources */ = {isa = PBXBuildFile; fileRef = 9886E08C291FBFA8005A4566 /* Font.swift */; };
		9886E090291FC191005A4566 /* UIView+Ext.swift in Sources */ = {isa = PBXBuildFile; fileRef = 9886E08F291FC191005A4566 /* UIView+Ext.swift */; };
		9886E094291FD1DC005A4566 /* TabBarVC.swift in Sources */ = {isa = PBXBuildFile; fileRef = 9886E093291FD1DC005A4566 /* TabBarVC.swift */; };
		9886E096291FF448005A4566 /* DiscoverVC.swift in Sources */ = {isa = PBXBuildFile; fileRef = 9886E095291FF448005A4566 /* DiscoverVC.swift */; };
		9886E098291FF46C005A4566 /* ProfileVC.swift in Sources */ = {isa = PBXBuildFile; fileRef = 9886E097291FF46C005A4566 /* ProfileVC.swift */; };
		9886E09D292030DD005A4566 /* HeadingInformationCell.swift in Sources */ = {isa = PBXBuildFile; fileRef = 9886E09C292030DD005A4566 /* HeadingInformationCell.swift */; };
		9886E09F29203D41005A4566 /* WorkoutCategoryCell.swift in Sources */ = {isa = PBXBuildFile; fileRef = 9886E09E29203D41005A4566 /* WorkoutCategoryCell.swift */; };
		9886E0A229203E13005A4566 /* CategoryCell.swift in Sources */ = {isa = PBXBuildFile; fileRef = 9886E0A129203E13005A4566 /* CategoryCell.swift */; };
		9886E0A42920514B005A4566 /* WorkoutVideoCell.swift in Sources */ = {isa = PBXBuildFile; fileRef = 9886E0A32920514B005A4566 /* WorkoutVideoCell.swift */; };
		9886E0A6292051B9005A4566 /* VideoCourseCell.swift in Sources */ = {isa = PBXBuildFile; fileRef = 9886E0A5292051B9005A4566 /* VideoCourseCell.swift */; };
/* End PBXBuildFile section */

/* Begin PBXFileReference section */
		9886E067291FBA9F005A4566 /* DeepSlate.app */ = {isa = PBXFileReference; explicitFileType = wrapper.application; includeInIndex = 0; path = DeepSlate.app; sourceTree = BUILT_PRODUCTS_DIR; };
		9886E06A291FBA9F005A4566 /* AppDelegate.swift */ = {isa = PBXFileReference; lastKnownFileType = sourcecode.swift; path = AppDelegate.swift; sourceTree = "<group>"; };
		9886E06C291FBA9F005A4566 /* SceneDelegate.swift */ = {isa = PBXFileReference; lastKnownFileType = sourcecode.swift; path = SceneDelegate.swift; sourceTree = "<group>"; };
		9886E06E291FBA9F005A4566 /* RegisterVC.swift */ = {isa = PBXFileReference; lastKnownFileType = sourcecode.swift; path = RegisterVC.swift; sourceTree = "<group>"; };
		9886E073291FBAA7005A4566 /* Assets.xcassets */ = {isa = PBXFileReference; lastKnownFileType = folder.assetcatalog; path = Assets.xcassets; sourceTree = "<group>"; };
		9886E076291FBAA7005A4566 /* Base */ = {isa = PBXFileReference; lastKnownFileType = file.storyboard; name = Base; path = Base.lproj/LaunchScreen.storyboard; sourceTree = "<group>"; };
		9886E078291FBAA7005A4566 /* Info.plist */ = {isa = PBXFileReference; lastKnownFileType = text.plist.xml; path = Info.plist; sourceTree = "<group>"; };
		9886E07E291FBAF5005A4566 /* HomeVC.swift */ = {isa = PBXFileReference; lastKnownFileType = sourcecode.swift; path = HomeVC.swift; sourceTree = "<group>"; };
		9886E082291FBF64005A4566 /* Euclid Circular B SemiBold.ttf */ = {isa = PBXFileReference; lastKnownFileType = file; path = "Euclid Circular B SemiBold.ttf"; sourceTree = "<group>"; };
		9886E083291FBF64005A4566 /* Euclid Circular B Light.ttf */ = {isa = PBXFileReference; lastKnownFileType = file; path = "Euclid Circular B Light.ttf"; sourceTree = "<group>"; };
		9886E084291FBF64005A4566 /* Euclid Circular B Bold.ttf */ = {isa = PBXFileReference; lastKnownFileType = file; path = "Euclid Circular B Bold.ttf"; sourceTree = "<group>"; };
		9886E085291FBF64005A4566 /* Euclid Circular B Regular.ttf */ = {isa = PBXFileReference; lastKnownFileType = file; path = "Euclid Circular B Regular.ttf"; sourceTree = "<group>"; };
		9886E086291FBF64005A4566 /* Euclid Circular B Medium.ttf */ = {isa = PBXFileReference; lastKnownFileType = file; path = "Euclid Circular B Medium.ttf"; sourceTree = "<group>"; };
		9886E08C291FBFA8005A4566 /* Font.swift */ = {isa = PBXFileReference; lastKnownFileType = sourcecode.swift; path = Font.swift; sourceTree = "<group>"; };
		9886E08F291FC191005A4566 /* UIView+Ext.swift */ = {isa = PBXFileReference; lastKnownFileType = sourcecode.swift; path = "UIView+Ext.swift"; sourceTree = "<group>"; };
		9886E093291FD1DC005A4566 /* TabBarVC.swift */ = {isa = PBXFileReference; lastKnownFileType = sourcecode.swift; path = TabBarVC.swift; sourceTree = "<group>"; };
		9886E095291FF448005A4566 /* DiscoverVC.swift */ = {isa = PBXFileReference; lastKnownFileType = sourcecode.swift; path = DiscoverVC.swift; sourceTree = "<group>"; };
		9886E097291FF46C005A4566 /* ProfileVC.swift */ = {isa = PBXFileReference; lastKnownFileType = sourcecode.swift; path = ProfileVC.swift; sourceTree = "<group>"; };
		9886E09C292030DD005A4566 /* HeadingInformationCell.swift */ = {isa = PBXFileReference; lastKnownFileType = sourcecode.swift; path = HeadingInformationCell.swift; sourceTree = "<group>"; };
		9886E09E29203D41005A4566 /* WorkoutCategoryCell.swift */ = {isa = PBXFileReference; lastKnownFileType = sourcecode.swift; path = WorkoutCategoryCell.swift; sourceTree = "<group>"; };
		9886E0A129203E13005A4566 /* CategoryCell.swift */ = {isa = PBXFileReference; lastKnownFileType = sourcecode.swift; path = CategoryCell.swift; sourceTree = "<group>"; };
		9886E0A32920514B005A4566 /* WorkoutVideoCell.swift */ = {isa = PBXFileReference; lastKnownFileType = sourcecode.swift; path = WorkoutVideoCell.swift; sourceTree = "<group>"; };
		9886E0A5292051B9005A4566 /* VideoCourseCell.swift */ = {isa = PBXFileReference; lastKnownFileType = sourcecode.swift; path = VideoCourseCell.swift; sourceTree = "<group>"; };
/* End PBXFileReference section */

/* Begin PBXFrameworksBuildPhase section */
		9886E064291FBA9F005A4566 /* Frameworks */ = {
			isa = PBXFrameworksBuildPhase;
			buildActionMask = 2147483647;
			files = (
			);
			runOnlyForDeploymentPostprocessing = 0;
		};
/* End PBXFrameworksBuildPhase section */

/* Begin PBXGroup section */
		9886E05E291FBA9E005A4566 = {
			isa = PBXGroup;
			children = (
				9886E069291FBA9F005A4566 /* DeepSlate */,
				9886E068291FBA9F005A4566 /* Products */,
			);
			sourceTree = "<group>";
		};
		9886E068291FBA9F005A4566 /* Products */ = {
			isa = PBXGroup;
			children = (
				9886E067291FBA9F005A4566 /* DeepSlate.app */,
			);
			name = Products;
			sourceTree = "<group>";
		};
		9886E069291FBA9F005A4566 /* DeepSlate */ = {
			isa = PBXGroup;
			children = (
				9886E09B292030A2005A4566 /* Cells */,
				9886E091291FD031005A4566 /* Controllers */,
				9886E08E291FC184005A4566 /* Extensions */,
				9886E081291FBBE1005A4566 /* Constants */,
				9886E080291FBBD7005A4566 /* Fonts */,
				9886E06A291FBA9F005A4566 /* AppDelegate.swift */,
				9886E06C291FBA9F005A4566 /* SceneDelegate.swift */,
				9886E073291FBAA7005A4566 /* Assets.xcassets */,
				9886E075291FBAA7005A4566 /* LaunchScreen.storyboard */,
				9886E078291FBAA7005A4566 /* Info.plist */,
			);
			path = DeepSlate;
			sourceTree = "<group>";
		};
		9886E080291FBBD7005A4566 /* Fonts */ = {
			isa = PBXGroup;
			children = (
				9886E084291FBF64005A4566 /* Euclid Circular B Bold.ttf */,
				9886E083291FBF64005A4566 /* Euclid Circular B Light.ttf */,
				9886E086291FBF64005A4566 /* Euclid Circular B Medium.ttf */,
				9886E085291FBF64005A4566 /* Euclid Circular B Regular.ttf */,
				9886E082291FBF64005A4566 /* Euclid Circular B SemiBold.ttf */,
			);
			path = Fonts;
			sourceTree = "<group>";
		};
		9886E081291FBBE1005A4566 /* Constants */ = {
			isa = PBXGroup;
			children = (
				9886E08C291FBFA8005A4566 /* Font.swift */,
			);
			path = Constants;
			sourceTree = "<group>";
		};
		9886E08E291FC184005A4566 /* Extensions */ = {
			isa = PBXGroup;
			children = (
				9886E08F291FC191005A4566 /* UIView+Ext.swift */,
			);
			path = Extensions;
			sourceTree = "<group>";
		};
		9886E091291FD031005A4566 /* Controllers */ = {
			isa = PBXGroup;
			children = (
				9886E092291FD1B6005A4566 /* TabBar */,
				9886E07E291FBAF5005A4566 /* HomeVC.swift */,
				9886E06E291FBA9F005A4566 /* RegisterVC.swift */,
				9886E095291FF448005A4566 /* DiscoverVC.swift */,
				9886E097291FF46C005A4566 /* ProfileVC.swift */,
			);
			path = Controllers;
			sourceTree = "<group>";
		};
		9886E092291FD1B6005A4566 /* TabBar */ = {
			isa = PBXGroup;
			children = (
				9886E093291FD1DC005A4566 /* TabBarVC.swift */,
			);
			path = TabBar;
			sourceTree = "<group>";
		};
		9886E09B292030A2005A4566 /* Cells */ = {
			isa = PBXGroup;
			children = (
				9886E0A029203DFB005A4566 /* CollectionCells */,
				9886E09C292030DD005A4566 /* HeadingInformationCell.swift */,
				9886E09E29203D41005A4566 /* WorkoutCategoryCell.swift */,
				9886E0A32920514B005A4566 /* WorkoutVideoCell.swift */,
			);
			path = Cells;
			sourceTree = "<group>";
		};
		9886E0A029203DFB005A4566 /* CollectionCells */ = {
			isa = PBXGroup;
			children = (
				9886E0A129203E13005A4566 /* CategoryCell.swift */,
				9886E0A5292051B9005A4566 /* VideoCourseCell.swift */,
			);
			path = CollectionCells;
			sourceTree = "<group>";
		};
/* End PBXGroup section */

/* Begin PBXNativeTarget section */
		9886E066291FBA9F005A4566 /* DeepSlate */ = {
			isa = PBXNativeTarget;
			buildConfigurationList = 9886E07B291FBAA7005A4566 /* Build configuration list for PBXNativeTarget "DeepSlate" */;
			buildPhases = (
				9886E063291FBA9F005A4566 /* Sources */,
				9886E064291FBA9F005A4566 /* Frameworks */,
				9886E065291FBA9F005A4566 /* Resources */,
			);
			buildRules = (
			);
			dependencies = (
			);
			name = DeepSlate;
			productName = DeepSlate;
			productReference = 9886E067291FBA9F005A4566 /* DeepSlate.app */;
			productType = "com.apple.product-type.application";
		};
/* End PBXNativeTarget section */

/* Begin PBXProject section */
		9886E05F291FBA9E005A4566 /* Project object */ = {
			isa = PBXProject;
			attributes = {
				LastSwiftUpdateCheck = 1250;
				LastUpgradeCheck = 1250;
				TargetAttributes = {
					9886E066291FBA9F005A4566 = {
						CreatedOnToolsVersion = 12.5.1;
					};
				};
			};
			buildConfigurationList = 9886E062291FBA9E005A4566 /* Build configuration list for PBXProject "DeepSlate" */;
			compatibilityVersion = "Xcode 9.3";
			developmentRegion = en;
			hasScannedForEncodings = 0;
			knownRegions = (
				en,
				Base,
			);
			mainGroup = 9886E05E291FBA9E005A4566;
			productRefGroup = 9886E068291FBA9F005A4566 /* Products */;
			projectDirPath = "";
			projectRoot = "";
			targets = (
				9886E066291FBA9F005A4566 /* DeepSlate */,
			);
		};
/* End PBXProject section */

/* Begin PBXResourcesBuildPhase section */
		9886E065291FBA9F005A4566 /* Resources */ = {
			isa = PBXResourcesBuildPhase;
			buildActionMask = 2147483647;
			files = (
				9886E088291FBF64005A4566 /* Euclid Circular B Light.ttf in Resources */,
				9886E077291FBAA7005A4566 /* LaunchScreen.storyboard in Resources */,
				9886E08A291FBF64005A4566 /* Euclid Circular B Regular.ttf in Resources */,
				9886E074291FBAA7005A4566 /* Assets.xcassets in Resources */,
				9886E089291FBF64005A4566 /* Euclid Circular B Bold.ttf in Resources */,
				9886E087291FBF64005A4566 /* Euclid Circular B SemiBold.ttf in Resources */,
				9886E08B291FBF64005A4566 /* Euclid Circular B Medium.ttf in Resources */,
			);
			runOnlyForDeploymentPostprocessing = 0;
		};
/* End PBXResourcesBuildPhase section */

/* Begin PBXSourcesBuildPhase section */
		9886E063291FBA9F005A4566 /* Sources */ = {
			isa = PBXSourcesBuildPhase;
			buildActionMask = 2147483647;
			files = (
				9886E094291FD1DC005A4566 /* TabBarVC.swift in Sources */,
				9886E06F291FBA9F005A4566 /* RegisterVC.swift in Sources */,
				9886E0A6292051B9005A4566 /* VideoCourseCell.swift in Sources */,
				9886E07F291FBAF5005A4566 /* HomeVC.swift in Sources */,
				9886E098291FF46C005A4566 /* ProfileVC.swift in Sources */,
				9886E09D292030DD005A4566 /* HeadingInformationCell.swift in Sources */,
				9886E096291FF448005A4566 /* DiscoverVC.swift in Sources */,
				9886E090291FC191005A4566 /* UIView+Ext.swift in Sources */,
				9886E08D291FBFA8005A4566 /* Font.swift in Sources */,
				9886E06B291FBA9F005A4566 /* AppDelegate.swift in Sources */,
				9886E09F29203D41005A4566 /* WorkoutCategoryCell.swift in Sources */,
				9886E0A42920514B005A4566 /* WorkoutVideoCell.swift in Sources */,
				9886E06D291FBA9F005A4566 /* SceneDelegate.swift in Sources */,
				9886E0A229203E13005A4566 /* CategoryCell.swift in Sources */,
			);
			runOnlyForDeploymentPostprocessing = 0;
		};
/* End PBXSourcesBuildPhase section */

/* Begin PBXVariantGroup section */
		9886E075291FBAA7005A4566 /* LaunchScreen.storyboard */ = {
			isa = PBXVariantGroup;
			children = (
				9886E076291FBAA7005A4566 /* Base */,
			);
			name = LaunchScreen.storyboard;
			sourceTree = "<group>";
		};
/* End PBXVariantGroup section */

/* Begin XCBuildConfiguration section */
		9886E079291FBAA7005A4566 /* Debug */ = {
			isa = XCBuildConfiguration;
			buildSettings = {
				ALWAYS_SEARCH_USER_PATHS = NO;
				CLANG_ANALYZER_NONNULL = YES;
				CLANG_ANALYZER_NUMBER_OBJECT_CONVERSION = YES_AGGRESSIVE;
				CLANG_CXX_LANGUAGE_STANDARD = "gnu++14";
				CLANG_CXX_LIBRARY = "libc++";
				CLANG_ENABLE_MODULES = YES;
				CLANG_ENABLE_OBJC_ARC = YES;
				CLANG_ENABLE_OBJC_WEAK = YES;
				CLANG_WARN_BLOCK_CAPTURE_AUTORELEASING = YES;
				CLANG_WARN_BOOL_CONVERSION = YES;
				CLANG_WARN_COMMA = YES;
				CLANG_WARN_CONSTANT_CONVERSION = YES;
				CLANG_WARN_DEPRECATED_OBJC_IMPLEMENTATIONS = YES;
				CLANG_WARN_DIRECT_OBJC_ISA_USAGE = YES_ERROR;
				CLANG_WARN_DOCUMENTATION_COMMENTS = YES;
				CLANG_WARN_EMPTY_BODY = YES;
				CLANG_WARN_ENUM_CONVERSION = YES;
				CLANG_WARN_INFINITE_RECURSION = YES;
				CLANG_WARN_INT_CONVERSION = YES;
				CLANG_WARN_NON_LITERAL_NULL_CONVERSION = YES;
				CLANG_WARN_OBJC_IMPLICIT_RETAIN_SELF = YES;
				CLANG_WARN_OBJC_LITERAL_CONVERSION = YES;
				CLANG_WARN_OBJC_ROOT_CLASS = YES_ERROR;
				CLANG_WARN_QUOTED_INCLUDE_IN_FRAMEWORK_HEADER = YES;
				CLANG_WARN_RANGE_LOOP_ANALYSIS = YES;
				CLANG_WARN_STRICT_PROTOTYPES = YES;
				CLANG_WARN_SUSPICIOUS_MOVE = YES;
				CLANG_WARN_UNGUARDED_AVAILABILITY = YES_AGGRESSIVE;
				CLANG_WARN_UNREACHABLE_CODE = YES;
				CLANG_WARN__DUPLICATE_METHOD_MATCH = YES;
				COPY_PHASE_STRIP = NO;
				DEBUG_INFORMATION_FORMAT = dwarf;
				ENABLE_STRICT_OBJC_MSGSEND = YES;
				ENABLE_TESTABILITY = YES;
				GCC_C_LANGUAGE_STANDARD = gnu11;
				GCC_DYNAMIC_NO_PIC = NO;
				GCC_NO_COMMON_BLOCKS = YES;
				GCC_OPTIMIZATION_LEVEL = 0;
				GCC_PREPROCESSOR_DEFINITIONS = (
					"DEBUG=1",
					"$(inherited)",
				);
				GCC_WARN_64_TO_32_BIT_CONVERSION = YES;
				GCC_WARN_ABOUT_RETURN_TYPE = YES_ERROR;
				GCC_WARN_UNDECLARED_SELECTOR = YES;
				GCC_WARN_UNINITIALIZED_AUTOS = YES_AGGRESSIVE;
				GCC_WARN_UNUSED_FUNCTION = YES;
				GCC_WARN_UNUSED_VARIABLE = YES;
				IPHONEOS_DEPLOYMENT_TARGET = 14.5;
				MTL_ENABLE_DEBUG_INFO = INCLUDE_SOURCE;
				MTL_FAST_MATH = YES;
				ONLY_ACTIVE_ARCH = YES;
				SDKROOT = iphoneos;
				SWIFT_ACTIVE_COMPILATION_CONDITIONS = DEBUG;
				SWIFT_OPTIMIZATION_LEVEL = "-Onone";
			};
			name = Debug;
		};
		9886E07A291FBAA7005A4566 /* Release */ = {
			isa = XCBuildConfiguration;
			buildSettings = {
				ALWAYS_SEARCH_USER_PATHS = NO;
				CLANG_ANALYZER_NONNULL = YES;
				CLANG_ANALYZER_NUMBER_OBJECT_CONVERSION = YES_AGGRESSIVE;
				CLANG_CXX_LANGUAGE_STANDARD = "gnu++14";
				CLANG_CXX_LIBRARY = "libc++";
				CLANG_ENABLE_MODULES = YES;
				CLANG_ENABLE_OBJC_ARC = YES;
				CLANG_ENABLE_OBJC_WEAK = YES;
				CLANG_WARN_BLOCK_CAPTURE_AUTORELEASING = YES;
				CLANG_WARN_BOOL_CONVERSION = YES;
				CLANG_WARN_COMMA = YES;
				CLANG_WARN_CONSTANT_CONVERSION = YES;
				CLANG_WARN_DEPRECATED_OBJC_IMPLEMENTATIONS = YES;
				CLANG_WARN_DIRECT_OBJC_ISA_USAGE = YES_ERROR;
				CLANG_WARN_DOCUMENTATION_COMMENTS = YES;
				CLANG_WARN_EMPTY_BODY = YES;
				CLANG_WARN_ENUM_CONVERSION = YES;
				CLANG_WARN_INFINITE_RECURSION = YES;
				CLANG_WARN_INT_CONVERSION = YES;
				CLANG_WARN_NON_LITERAL_NULL_CONVERSION = YES;
				CLANG_WARN_OBJC_IMPLICIT_RETAIN_SELF = YES;
				CLANG_WARN_OBJC_LITERAL_CONVERSION = YES;
				CLANG_WARN_OBJC_ROOT_CLASS = YES_ERROR;
				CLANG_WARN_QUOTED_INCLUDE_IN_FRAMEWORK_HEADER = YES;
				CLANG_WARN_RANGE_LOOP_ANALYSIS = YES;
				CLANG_WARN_STRICT_PROTOTYPES = YES;
				CLANG_WARN_SUSPICIOUS_MOVE = YES;
				CLANG_WARN_UNGUARDED_AVAILABILITY = YES_AGGRESSIVE;
				CLANG_WARN_UNREACHABLE_CODE = YES;
				CLANG_WARN__DUPLICATE_METHOD_MATCH = YES;
				COPY_PHASE_STRIP = NO;
				DEBUG_INFORMATION_FORMAT = "dwarf-with-dsym";
				ENABLE_NS_ASSERTIONS = NO;
				ENABLE_STRICT_OBJC_MSGSEND = YES;
				GCC_C_LANGUAGE_STANDARD = gnu11;
				GCC_NO_COMMON_BLOCKS = YES;
				GCC_WARN_64_TO_32_BIT_CONVERSION = YES;
				GCC_WARN_ABOUT_RETURN_TYPE = YES_ERROR;
				GCC_WARN_UNDECLARED_SELECTOR = YES;
				GCC_WARN_UNINITIALIZED_AUTOS = YES_AGGRESSIVE;
				GCC_WARN_UNUSED_FUNCTION = YES;
				GCC_WARN_UNUSED_VARIABLE = YES;
				IPHONEOS_DEPLOYMENT_TARGET = 14.5;
				MTL_ENABLE_DEBUG_INFO = NO;
				MTL_FAST_MATH = YES;
				SDKROOT = iphoneos;
				SWIFT_COMPILATION_MODE = wholemodule;
				SWIFT_OPTIMIZATION_LEVEL = "-O";
				VALIDATE_PRODUCT = YES;
			};
			name = Release;
		};
		9886E07C291FBAA7005A4566 /* Debug */ = {
			isa = XCBuildConfiguration;
			buildSettings = {
				ASSETCATALOG_COMPILER_APPICON_NAME = AppIcon;
				ASSETCATALOG_COMPILER_GLOBAL_ACCENT_COLOR_NAME = AccentColor;
				CODE_SIGN_STYLE = Automatic;
				DEVELOPMENT_TEAM = 445LZL99JS;
				INFOPLIST_FILE = DeepSlate/Info.plist;
				LD_RUNPATH_SEARCH_PATHS = (
					"$(inherited)",
					"@executable_path/Frameworks",
				);
				PRODUCT_BUNDLE_IDENTIFIER = Projects.DeepSlate;
				PRODUCT_NAME = "$(TARGET_NAME)";
				SWIFT_VERSION = 5.0;
				TARGETED_DEVICE_FAMILY = "1,2";
			};
			name = Debug;
		};
		9886E07D291FBAA7005A4566 /* Release */ = {
			isa = XCBuildConfiguration;
			buildSettings = {
				ASSETCATALOG_COMPILER_APPICON_NAME = AppIcon;
				ASSETCATALOG_COMPILER_GLOBAL_ACCENT_COLOR_NAME = AccentColor;
				CODE_SIGN_STYLE = Automatic;
				DEVELOPMENT_TEAM = 445LZL99JS;
				INFOPLIST_FILE = DeepSlate/Info.plist;
				LD_RUNPATH_SEARCH_PATHS = (
					"$(inherited)",
					"@executable_path/Frameworks",
				);
				PRODUCT_BUNDLE_IDENTIFIER = Projects.DeepSlate;
				PRODUCT_NAME = "$(TARGET_NAME)";
				SWIFT_VERSION = 5.0;
				TARGETED_DEVICE_FAMILY = "1,2";
			};
			name = Release;
		};
/* End XCBuildConfiguration section */

/* Begin XCConfigurationList section */
		9886E062291FBA9E005A4566 /* Build configuration list for PBXProject "DeepSlate" */ = {
			isa = XCConfigurationList;
			buildConfigurations = (
				9886E079291FBAA7005A4566 /* Debug */,
				9886E07A291FBAA7005A4566 /* Release */,
			);
			defaultConfigurationIsVisible = 0;
			defaultConfigurationName = Release;
		};
		9886E07B291FBAA7005A4566 /* Build configuration list for PBXNativeTarget "DeepSlate" */ = {
			isa = XCConfigurationList;
			buildConfigurations = (
				9886E07C291FBAA7005A4566 /* Debug */,
				9886E07D291FBAA7005A4566 /* Release */,
			);
			defaultConfigurationIsVisible = 0;
			defaultConfigurationName = Release;
		};
/* End XCConfigurationList section */
	};
	rootObject = 9886E05F291FBA9E005A4566 /* Project object */;
}
